
Microsoft Visual Studio Solution File, Format Version 12.00
# Visual Studio Version 16
VisualStudioVersion = 16.0.29519.87
MinimumVisualStudioVersion = 10.0.40219.1
Project("{FAE04EC0-301F-11D3-BF4B-00C04F79EFBC}") = "Scrapper", "Scrapper\Scrapper.csproj", "{186F2E62-AF1E-4A0E-BB63-7F91CD8688BE}"
EndProject
Global
	GlobalSection(SolutionConfigurationPlatforms) = preSolution
		Debug|Any CPU = Debug|Any CPU
		Release|Any CPU = Release|Any CPU
	EndGlobalSection
	GlobalSection(ProjectConfigurationPlatforms) = postSolution
		{186F2E62-AF1E-4A0E-BB63-7F91CD8688BE}.Debug|Any CPU.ActiveCfg = Debug|Any CPU
		{186F2E62-AF1E-4A0E-BB63-7F91CD8688BE}.Debug|Any CPU.Build.0 = Debug|Any CPU
		{186F2E62-AF1E-4A0E-BB63-7F91CD8688BE}.Release|Any CPU.ActiveCfg = Release|Any CPU
		{186F2E62-AF1E-4A0E-BB63-7F91CD8688BE}.Release|Any CPU.Build.0 = Release|Any CPU
	EndGlobalSection
	GlobalSection(SolutionProperties) = preSolution
		HideSolutionNode = FALSE
	EndGlobalSection
	GlobalSection(ExtensibilityGlobals) = postSolution
		SolutionGuid = {E5E890AD-5DE1-4EFB-91C5-C2F2A4BBCB62}
	EndGlobalSection
EndGlobal
